// !$*UTF8*$!
{
	archiveVersion = 1;
	classes = {
	};
	objectVersion = 46;
	objects = {

/* Begin PBXBuildFile section */
		23F45CEC1896344000FF6696 /* AppRecord.m in Sources */ = {isa = PBXBuildFile; fileRef = 23F45CDB1896344000FF6696 /* AppRecord.m */; };
		23F45CED1896344000FF6696 /* apps.json in Resources */ = {isa = PBXBuildFile; fileRef = 23F45CDC1896344000FF6696 /* apps.json */; };
		23F45CEE1896344000FF6696 /* Main.storyboard in Resources */ = {isa = PBXBuildFile; fileRef = 23F45CDD1896344000FF6696 /* Main.storyboard */; };
		23F45CEF1896344000FF6696 /* InfoPlist.strings in Resources */ = {isa = PBXBuildFile; fileRef = 23F45CDF1896344000FF6696 /* InfoPlist.strings */; };
		23F45CF01896344000FF6696 /* Images.xcassets in Resources */ = {isa = PBXBuildFile; fileRef = 23F45CE11896344000FF6696 /* Images.xcassets */; };
		23F45CF11896344000FF6696 /* KXAppDelegate.m in Sources */ = {isa = PBXBuildFile; fileRef = 23F45CE31896344000FF6696 /* KXAppDelegate.m */; };
		23F45CF21896344000FF6696 /* KXDetailViewController.m in Sources */ = {isa = PBXBuildFile; fileRef = 23F45CE51896344000FF6696 /* KXDetailViewController.m */; };
		23F45CF31896344000FF6696 /* KXLazyTableImage-Info.plist in Resources */ = {isa = PBXBuildFile; fileRef = 23F45CE61896344000FF6696 /* KXLazyTableImage-Info.plist */; };
		23F45CF41896344000FF6696 /* KXMasterViewController.m in Sources */ = {isa = PBXBuildFile; fileRef = 23F45CE91896344000FF6696 /* KXMasterViewController.m */; };
		23F45CF51896344000FF6696 /* main.m in Sources */ = {isa = PBXBuildFile; fileRef = 23F45CEA1896344000FF6696 /* main.m */; };
		23F45CF61896344000FF6696 /* ph@2x.png in Resources */ = {isa = PBXBuildFile; fileRef = 23F45CEB1896344000FF6696 /* ph@2x.png */; };
		A67C54C71890086800DA0E12 /* Foundation.framework in Frameworks */ = {isa = PBXBuildFile; fileRef = A67C54C61890086800DA0E12 /* Foundation.framework */; };
		A67C54C91890086800DA0E12 /* CoreGraphics.framework in Frameworks */ = {isa = PBXBuildFile; fileRef = A67C54C81890086800DA0E12 /* CoreGraphics.framework */; };
		A67C54CB1890086800DA0E12 /* UIKit.framework in Frameworks */ = {isa = PBXBuildFile; fileRef = A67C54CA1890086800DA0E12 /* UIKit.framework */; };
		A67C55001890088700DA0E12 /* NSObject+LazyTableImageAspect.m in Sources */ = {isa = PBXBuildFile; fileRef = A67C54FF1890088700DA0E12 /* NSObject+LazyTableImageAspect.m */; };
		C9A5926AB1614B68916E0174 /* libPods-KXLazyTableImage.a in Frameworks */ = {isa = PBXBuildFile; fileRef = 5032AC08E458413898235E2D /* libPods-KXLazyTableImage.a */; };
/* End PBXBuildFile section */

/* Begin PBXFileReference section */
		23F45CDA1896344000FF6696 /* AppRecord.h */ = {isa = PBXFileReference; fileEncoding = 4; lastKnownFileType = sourcecode.c.h; path = AppRecord.h; sourceTree = "<group>"; };
		23F45CDB1896344000FF6696 /* AppRecord.m */ = {isa = PBXFileReference; fileEncoding = 4; lastKnownFileType = sourcecode.c.objc; path = AppRecord.m; sourceTree = "<group>"; };
		23F45CDC1896344000FF6696 /* apps.json */ = {isa = PBXFileReference; fileEncoding = 4; lastKnownFileType = text.json; path = apps.json; sourceTree = "<group>"; };
		23F45CDE1896344000FF6696 /* Base */ = {isa = PBXFileReference; lastKnownFileType = file.storyboard; name = Base; path = Base.lproj/Main.storyboard; sourceTree = "<group>"; };
		23F45CE01896344000FF6696 /* en */ = {isa = PBXFileReference; lastKnownFileType = text.plist.strings; name = en; path = en.lproj/InfoPlist.strings; sourceTree = "<group>"; };
		23F45CE11896344000FF6696 /* Images.xcassets */ = {isa = PBXFileReference; lastKnownFileType = folder.assetcatalog; path = Images.xcassets; sourceTree = "<group>"; };
		23F45CE21896344000FF6696 /* KXAppDelegate.h */ = {isa = PBXFileReference; fileEncoding = 4; lastKnownFileType = sourcecode.c.h; path = KXAppDelegate.h; sourceTree = "<group>"; };
		23F45CE31896344000FF6696 /* KXAppDelegate.m */ = {isa = PBXFileReference; fileEncoding = 4; lastKnownFileType = sourcecode.c.objc; path = KXAppDelegate.m; sourceTree = "<group>"; };
		23F45CE41896344000FF6696 /* KXDetailViewController.h */ = {isa = PBXFileReference; fileEncoding = 4; lastKnownFileType = sourcecode.c.h; path = KXDetailViewController.h; sourceTree = "<group>"; };
		23F45CE51896344000FF6696 /* KXDetailViewController.m */ = {isa = PBXFileReference; fileEncoding = 4; lastKnownFileType = sourcecode.c.objc; path = KXDetailViewController.m; sourceTree = "<group>"; };
		23F45CE61896344000FF6696 /* KXLazyTableImage-Info.plist */ = {isa = PBXFileReference; fileEncoding = 4; lastKnownFileType = text.plist.xml; path = "KXLazyTableImage-Info.plist"; sourceTree = "<group>"; };
		23F45CE71896344000FF6696 /* KXLazyTableImage-Prefix.pch */ = {isa = PBXFileReference; fileEncoding = 4; lastKnownFileType = sourcecode.c.h; path = "KXLazyTableImage-Prefix.pch"; sourceTree = "<group>"; };
		23F45CE81896344000FF6696 /* KXMasterViewController.h */ = {isa = PBXFileReference; fileEncoding = 4; lastKnownFileType = sourcecode.c.h; path = KXMasterViewController.h; sourceTree = "<group>"; };
		23F45CE91896344000FF6696 /* KXMasterViewController.m */ = {isa = PBXFileReference; fileEncoding = 4; lastKnownFileType = sourcecode.c.objc; path = KXMasterViewController.m; sourceTree = "<group>"; };
		23F45CEA1896344000FF6696 /* main.m */ = {isa = PBXFileReference; fileEncoding = 4; lastKnownFileType = sourcecode.c.objc; path = main.m; sourceTree = "<group>"; };
		23F45CEB1896344000FF6696 /* ph@2x.png */ = {isa = PBXFileReference; lastKnownFileType = image.png; path = "ph@2x.png"; sourceTree = "<group>"; };
		27F62028A6E1480884EA38FB /* Pods-KXLazyTableImage.xcconfig */ = {isa = PBXFileReference; includeInIndex = 1; lastKnownFileType = text.xcconfig; name = "Pods-KXLazyTableImage.xcconfig"; path = "Pods/Pods-KXLazyTableImage.xcconfig"; sourceTree = "<group>"; };
		5032AC08E458413898235E2D /* libPods-KXLazyTableImage.a */ = {isa = PBXFileReference; explicitFileType = archive.ar; includeInIndex = 0; path = "libPods-KXLazyTableImage.a"; sourceTree = BUILT_PRODUCTS_DIR; };
		A67C54C31890086800DA0E12 /* KXLazyTableImage.app */ = {isa = PBXFileReference; explicitFileType = wrapper.application; includeInIndex = 0; path = KXLazyTableImage.app; sourceTree = BUILT_PRODUCTS_DIR; };
		A67C54C61890086800DA0E12 /* Foundation.framework */ = {isa = PBXFileReference; lastKnownFileType = wrapper.framework; name = Foundation.framework; path = System/Library/Frameworks/Foundation.framework; sourceTree = SDKROOT; };
		A67C54C81890086800DA0E12 /* CoreGraphics.framework */ = {isa = PBXFileReference; lastKnownFileType = wrapper.framework; name = CoreGraphics.framework; path = System/Library/Frameworks/CoreGraphics.framework; sourceTree = SDKROOT; };
		A67C54CA1890086800DA0E12 /* UIKit.framework */ = {isa = PBXFileReference; lastKnownFileType = wrapper.framework; name = UIKit.framework; path = System/Library/Frameworks/UIKit.framework; sourceTree = SDKROOT; };
		A67C54E81890086800DA0E12 /* XCTest.framework */ = {isa = PBXFileReference; lastKnownFileType = wrapper.framework; name = XCTest.framework; path = Library/Frameworks/XCTest.framework; sourceTree = DEVELOPER_DIR; };
		A67C54FE1890088700DA0E12 /* NSObject+LazyTableImageAspect.h */ = {isa = PBXFileReference; fileEncoding = 4; lastKnownFileType = sourcecode.c.h; path = "NSObject+LazyTableImageAspect.h"; sourceTree = "<group>"; };
		A67C54FF1890088700DA0E12 /* NSObject+LazyTableImageAspect.m */ = {isa = PBXFileReference; fileEncoding = 4; lastKnownFileType = sourcecode.c.objc; path = "NSObject+LazyTableImageAspect.m"; sourceTree = "<group>"; };
/* End PBXFileReference section */

/* Begin PBXFrameworksBuildPhase section */
		A67C54C01890086800DA0E12 /* Frameworks */ = {
			isa = PBXFrameworksBuildPhase;
			buildActionMask = 2147483647;
			files = (
				A67C54C91890086800DA0E12 /* CoreGraphics.framework in Frameworks */,
				A67C54CB1890086800DA0E12 /* UIKit.framework in Frameworks */,
				A67C54C71890086800DA0E12 /* Foundation.framework in Frameworks */,
				C9A5926AB1614B68916E0174 /* libPods-KXLazyTableImage.a in Frameworks */,
			);
			runOnlyForDeploymentPostprocessing = 0;
		};
/* End PBXFrameworksBuildPhase section */

/* Begin PBXGroup section */
		23F45CD91896344000FF6696 /* KXLazyTableImageExample */ = {
			isa = PBXGroup;
			children = (
				23F45CDA1896344000FF6696 /* AppRecord.h */,
				23F45CDB1896344000FF6696 /* AppRecord.m */,
				23F45CDC1896344000FF6696 /* apps.json */,
				23F45CDD1896344000FF6696 /* Main.storyboard */,
				23F45CDF1896344000FF6696 /* InfoPlist.strings */,
				23F45CE11896344000FF6696 /* Images.xcassets */,
				23F45CE21896344000FF6696 /* KXAppDelegate.h */,
				23F45CE31896344000FF6696 /* KXAppDelegate.m */,
				23F45CE41896344000FF6696 /* KXDetailViewController.h */,
				23F45CE51896344000FF6696 /* KXDetailViewController.m */,
				23F45CE61896344000FF6696 /* KXLazyTableImage-Info.plist */,
				23F45CE71896344000FF6696 /* KXLazyTableImage-Prefix.pch */,
				23F45CE81896344000FF6696 /* KXMasterViewController.h */,
				23F45CE91896344000FF6696 /* KXMasterViewController.m */,
				23F45CEA1896344000FF6696 /* main.m */,
				23F45CEB1896344000FF6696 /* ph@2x.png */,
			);
			path = KXLazyTableImageExample;
			sourceTree = "<group>";
		};
		A67C54BA1890086800DA0E12 = {
			isa = PBXGroup;
			children = (
				23F45CD91896344000FF6696 /* KXLazyTableImageExample */,
				A67C54CC1890086800DA0E12 /* KXLazyTableImage */,
				A67C54C51890086800DA0E12 /* Frameworks */,
				A67C54C41890086800DA0E12 /* Products */,
				27F62028A6E1480884EA38FB /* Pods-KXLazyTableImage.xcconfig */,
			);
			sourceTree = "<group>";
		};
		A67C54C41890086800DA0E12 /* Products */ = {
			isa = PBXGroup;
			children = (
				A67C54C31890086800DA0E12 /* KXLazyTableImage.app */,
			);
			name = Products;
			sourceTree = "<group>";
		};
		A67C54C51890086800DA0E12 /* Frameworks */ = {
			isa = PBXGroup;
			children = (
				A67C54C61890086800DA0E12 /* Foundation.framework */,
				A67C54C81890086800DA0E12 /* CoreGraphics.framework */,
				A67C54CA1890086800DA0E12 /* UIKit.framework */,
				A67C54E81890086800DA0E12 /* XCTest.framework */,
				5032AC08E458413898235E2D /* libPods-KXLazyTableImage.a */,
			);
			name = Frameworks;
			sourceTree = "<group>";
		};
		A67C54CC1890086800DA0E12 /* KXLazyTableImage */ = {
			isa = PBXGroup;
			children = (
				A67C54FE1890088700DA0E12 /* NSObject+LazyTableImageAspect.h */,
				A67C54FF1890088700DA0E12 /* NSObject+LazyTableImageAspect.m */,
			);
			path = KXLazyTableImage;
			sourceTree = "<group>";
		};
/* End PBXGroup section */

/* Begin PBXNativeTarget section */
		A67C54C21890086800DA0E12 /* KXLazyTableImage */ = {
			isa = PBXNativeTarget;
			buildConfigurationList = A67C54F81890086800DA0E12 /* Build configuration list for PBXNativeTarget "KXLazyTableImage" */;
			buildPhases = (
				2088E218ABC0447B933892C7 /* Check Pods Manifest.lock */,
				A67C54BF1890086800DA0E12 /* Sources */,
				A67C54C01890086800DA0E12 /* Frameworks */,
				A67C54C11890086800DA0E12 /* Resources */,
				51E2255D32D44C3FA0C8C511 /* Copy Pods Resources */,
			);
			buildRules = (
			);
			dependencies = (
			);
			name = KXLazyTableImage;
			productName = KXLazyTableImage;
			productReference = A67C54C31890086800DA0E12 /* KXLazyTableImage.app */;
			productType = "com.apple.product-type.application";
		};
/* End PBXNativeTarget section */

/* Begin PBXProject section */
		A67C54BB1890086800DA0E12 /* Project object */ = {
			isa = PBXProject;
			attributes = {
				CLASSPREFIX = KX;
				LastUpgradeCheck = 0500;
				ORGANIZATIONNAME = "Yusuke Sakurai";
			};
			buildConfigurationList = A67C54BE1890086800DA0E12 /* Build configuration list for PBXProject "KXLazyTableImage" */;
			compatibilityVersion = "Xcode 3.2";
			developmentRegion = English;
			hasScannedForEncodings = 0;
			knownRegions = (
				en,
				Base,
			);
			mainGroup = A67C54BA1890086800DA0E12;
			productRefGroup = A67C54C41890086800DA0E12 /* Products */;
			projectDirPath = "";
			projectRoot = "";
			targets = (
				A67C54C21890086800DA0E12 /* KXLazyTableImage */,
			);
		};
/* End PBXProject section */

/* Begin PBXResourcesBuildPhase section */
		A67C54C11890086800DA0E12 /* Resources */ = {
			isa = PBXResourcesBuildPhase;
			buildActionMask = 2147483647;
			files = (
				23F45CF31896344000FF6696 /* KXLazyTableImage-Info.plist in Resources */,
				23F45CED1896344000FF6696 /* apps.json in Resources */,
				23F45CF61896344000FF6696 /* ph@2x.png in Resources */,
				23F45CF01896344000FF6696 /* Images.xcassets in Resources */,
				23F45CEF1896344000FF6696 /* InfoPlist.strings in Resources */,
				23F45CEE1896344000FF6696 /* Main.storyboard in Resources */,
			);
			runOnlyForDeploymentPostprocessing = 0;
		};
/* End PBXResourcesBuildPhase section */

/* Begin PBXShellScriptBuildPhase section */
		2088E218ABC0447B933892C7 /* Check Pods Manifest.lock */ = {
			isa = PBXShellScriptBuildPhase;
			buildActionMask = 2147483647;
			files = (
			);
			inputPaths = (
			);
			name = "Check Pods Manifest.lock";
			outputPaths = (
			);
			runOnlyForDeploymentPostprocessing = 0;
			shellPath = /bin/sh;
			shellScript = "diff \"${PODS_ROOT}/../Podfile.lock\" \"${PODS_ROOT}/Manifest.lock\" > /dev/null\nif [[ $? != 0 ]] ; then\n    cat << EOM\nerror: The sandbox is not in sync with the Podfile.lock. Run 'pod install' or update your CocoaPods installation.\nEOM\n    exit 1\nfi\n";
			showEnvVarsInLog = 0;
		};
		51E2255D32D44C3FA0C8C511 /* Copy Pods Resources */ = {
			isa = PBXShellScriptBuildPhase;
			buildActionMask = 2147483647;
			files = (
			);
			inputPaths = (
			);
			name = "Copy Pods Resources";
			outputPaths = (
			);
			runOnlyForDeploymentPostprocessing = 0;
			shellPath = /bin/sh;
			shellScript = "\"${SRCROOT}/Pods/Pods-KXLazyTableImage-resources.sh\"\n";
			showEnvVarsInLog = 0;
		};
/* End PBXShellScriptBuildPhase section */

/* Begin PBXSourcesBuildPhase section */
		A67C54BF1890086800DA0E12 /* Sources */ = {
			isa = PBXSourcesBuildPhase;
			buildActionMask = 2147483647;
			files = (
				23F45CF21896344000FF6696 /* KXDetailViewController.m in Sources */,
				23F45CEC1896344000FF6696 /* AppRecord.m in Sources */,
				A67C55001890088700DA0E12 /* NSObject+LazyTableImageAspect.m in Sources */,
				23F45CF41896344000FF6696 /* KXMasterViewController.m in Sources */,
				23F45CF51896344000FF6696 /* main.m in Sources */,
				23F45CF11896344000FF6696 /* KXAppDelegate.m in Sources */,
			);
			runOnlyForDeploymentPostprocessing = 0;
		};
/* End PBXSourcesBuildPhase section */

/* Begin PBXVariantGroup section */
		23F45CDD1896344000FF6696 /* Main.storyboard */ = {
			isa = PBXVariantGroup;
			children = (
				23F45CDE1896344000FF6696 /* Base */,
			);
			name = Main.storyboard;
			sourceTree = "<group>";
		};
		23F45CDF1896344000FF6696 /* InfoPlist.strings */ = {
			isa = PBXVariantGroup;
			children = (
				23F45CE01896344000FF6696 /* en */,
			);
			name = InfoPlist.strings;
			sourceTree = "<group>";
		};
/* End PBXVariantGroup section */

/* Begin XCBuildConfiguration section */
		A67C54F61890086800DA0E12 /* Debug */ = {
			isa = XCBuildConfiguration;
			buildSettings = {
				ALWAYS_SEARCH_USER_PATHS = NO;
				ARCHS = "$(ARCHS_STANDARD_INCLUDING_64_BIT)";
				CLANG_CXX_LANGUAGE_STANDARD = "gnu++0x";
				CLANG_CXX_LIBRARY = "libc++";
				CLANG_ENABLE_MODULES = YES;
				CLANG_ENABLE_OBJC_ARC = YES;
				CLANG_WARN_BOOL_CONVERSION = YES;
				CLANG_WARN_CONSTANT_CONVERSION = YES;
				CLANG_WARN_DIRECT_OBJC_ISA_USAGE = YES_ERROR;
				CLANG_WARN_EMPTY_BODY = YES;
				CLANG_WARN_ENUM_CONVERSION = YES;
				CLANG_WARN_INT_CONVERSION = YES;
				CLANG_WARN_OBJC_ROOT_CLASS = YES_ERROR;
				CLANG_WARN__DUPLICATE_METHOD_MATCH = YES;
				"CODE_SIGN_IDENTITY[sdk=iphoneos*]" = "iPhone Developer";
				COPY_PHASE_STRIP = NO;
				GCC_C_LANGUAGE_STANDARD = gnu99;
				GCC_DYNAMIC_NO_PIC = NO;
				GCC_OPTIMIZATION_LEVEL = 0;
				GCC_PREPROCESSOR_DEFINITIONS = (
					"DEBUG=1",
					"$(inherited)",
				);
				GCC_SYMBOLS_PRIVATE_EXTERN = NO;
				GCC_WARN_64_TO_32_BIT_CONVERSION = YES;
				GCC_WARN_ABOUT_RETURN_TYPE = YES_ERROR;
				GCC_WARN_UNDECLARED_SELECTOR = YES;
				GCC_WARN_UNINITIALIZED_AUTOS = YES;
				GCC_WARN_UNUSED_FUNCTION = YES;
				GCC_WARN_UNUSED_VARIABLE = YES;
				IPHONEOS_DEPLOYMENT_TARGET = 7.0;
				ONLY_ACTIVE_ARCH = YES;
				SDKROOT = iphoneos;
			};
			name = Debug;
		};
		A67C54F71890086800DA0E12 /* Release */ = {
			isa = XCBuildConfiguration;
			buildSettings = {
				ALWAYS_SEARCH_USER_PATHS = NO;
				ARCHS = "$(ARCHS_STANDARD_INCLUDING_64_BIT)";
				CLANG_CXX_LANGUAGE_STANDARD = "gnu++0x";
				CLANG_CXX_LIBRARY = "libc++";
				CLANG_ENABLE_MODULES = YES;
				CLANG_ENABLE_OBJC_ARC = YES;
				CLANG_WARN_BOOL_CONVERSION = YES;
				CLANG_WARN_CONSTANT_CONVERSION = YES;
				CLANG_WARN_DIRECT_OBJC_ISA_USAGE = YES_ERROR;
				CLANG_WARN_EMPTY_BODY = YES;
				CLANG_WARN_ENUM_CONVERSION = YES;
				CLANG_WARN_INT_CONVERSION = YES;
				CLANG_WARN_OBJC_ROOT_CLASS = YES_ERROR;
				CLANG_WARN__DUPLICATE_METHOD_MATCH = YES;
				"CODE_SIGN_IDENTITY[sdk=iphoneos*]" = "iPhone Developer";
				COPY_PHASE_STRIP = YES;
				ENABLE_NS_ASSERTIONS = NO;
				GCC_C_LANGUAGE_STANDARD = gnu99;
				GCC_WARN_64_TO_32_BIT_CONVERSION = YES;
				GCC_WARN_ABOUT_RETURN_TYPE = YES_ERROR;
				GCC_WARN_UNDECLARED_SELECTOR = YES;
				GCC_WARN_UNINITIALIZED_AUTOS = YES;
				GCC_WARN_UNUSED_FUNCTION = YES;
				GCC_WARN_UNUSED_VARIABLE = YES;
				IPHONEOS_DEPLOYMENT_TARGET = 7.0;
				SDKROOT = iphoneos;
				VALIDATE_PRODUCT = YES;
			};
			name = Release;
		};
		A67C54F91890086800DA0E12 /* Debug */ = {
			isa = XCBuildConfiguration;
			baseConfigurationReference = 27F62028A6E1480884EA38FB /* Pods-KXLazyTableImage.xcconfig */;
			buildSettings = {
				ASSETCATALOG_COMPILER_APPICON_NAME = AppIcon;
				ASSETCATALOG_COMPILER_LAUNCHIMAGE_NAME = LaunchImage;
				GCC_PRECOMPILE_PREFIX_HEADER = YES;
				GCC_PREFIX_HEADER = "KXLazyTableImageExample/KXLazyTableImage-Prefix.pch";
				INFOPLIST_FILE = "KXLazyTableImageExample/KXLazyTableImage-Info.plist";
				PRODUCT_NAME = "$(TARGET_NAME)";
				WRAPPER_EXTENSION = app;
			};
			name = Debug;
		};
		A67C54FA1890086800DA0E12 /* Release */ = {
			isa = XCBuildConfiguration;
			baseConfigurationReference = 27F62028A6E1480884EA38FB /* Pods-KXLazyTableImage.xcconfig */;
			buildSettings = {
				ASSETCATALOG_COMPILER_APPICON_NAME = AppIcon;
				ASSETCATALOG_COMPILER_LAUNCHIMAGE_NAME = LaunchImage;
				GCC_PRECOMPILE_PREFIX_HEADER = YES;
				GCC_PREFIX_HEADER = "KXLazyTableImageExample/KXLazyTableImage-Prefix.pch";
				INFOPLIST_FILE = "KXLazyTableImageExample/KXLazyTableImage-Info.plist";
				PRODUCT_NAME = "$(TARGET_NAME)";
				WRAPPER_EXTENSION = app;
			};
			name = Release;
		};
/* End XCBuildConfiguration section */

/* Begin XCConfigurationList section */
		A67C54BE1890086800DA0E12 /* Build configuration list for PBXProject "KXLazyTableImage" */ = {
			isa = XCConfigurationList;
			buildConfigurations = (
				A67C54F61890086800DA0E12 /* Debug */,
				A67C54F71890086800DA0E12 /* Release */,
			);
			defaultConfigurationIsVisible = 0;
			defaultConfigurationName = Release;
		};
		A67C54F81890086800DA0E12 /* Build configuration list for PBXNativeTarget "KXLazyTableImage" */ = {
			isa = XCConfigurationList;
			buildConfigurations = (
				A67C54F91890086800DA0E12 /* Debug */,
				A67C54FA1890086800DA0E12 /* Release */,
			);
			defaultConfigurationIsVisible = 0;
			defaultConfigurationName = Release;
		};
/* End XCConfigurationList section */
	};
	rootObject = A67C54BB1890086800DA0E12 /* Project object */;
}
